# This file is automatically @generated by Cargo.
# It is not intended for manual editing.
version = 3

[[package]]
name = "autocfg"
version = "1.1.0"
source = "registry+https://github.com/rust-lang/crates.io-index"
checksum = "d468802bab17cbc0cc575e9b053f41e72aa36bfa6b7f55e3529ffa43161b97fa"

[[package]]
name = "cfg-if"
version = "1.0.0"
source = "registry+https://github.com/rust-lang/crates.io-index"
checksum = "baf1de4339761588bc0619e3cbc0120ee582ebb74b53b4efbf79117bd2da40fd"

[[package]]
name = "crossbeam"
version = "0.8.2"
source = "registry+https://github.com/rust-lang/crates.io-index"
checksum = "2801af0d36612ae591caa9568261fddce32ce6e08a7275ea334a06a4ad021a2c"
dependencies = [
 "cfg-if",
 "crossbeam-utils",
]

[[package]]
name = "crossbeam-utils"
version = "0.8.15"
source = "registry+https://github.com/rust-lang/crates.io-index"
checksum = "3c063cd8cc95f5c377ed0d4b49a4b21f632396ff690e8470c29b3359b346984b"
dependencies = [
 "cfg-if",
]

[[package]]
name = "helium-sync"
version = "0.1.0"
dependencies = [
 "crossbeam",
 "spin",
]

[[package]]
name = "lock_api"
version = "0.4.9"
source = "registry+https://github.com/rust-lang/crates.io-index"
checksum = "435011366fe56583b16cf956f9df0095b405b82d76425bc8981c0e22e60ec4df"
dependencies = [
 "autocfg",
 "scopeguard",
]

[[package]]
name = "scopeguard"
version = "1.1.0"
source = "registry+https://github.com/rust-lang/crates.io-index"
checksum = "d29ab0c6d3fc0ee92fe66e2d99f700eab17a8d57d1c1d3b748380fb20baa78cd"

[[package]]
name = "spin"
version = "0.9.8"
source = "registry+https://github.com/rust-lang/crates.io-index"
checksum = "6980e8d7511241f8acf4aebddbb1ff938df5eebe98691418c4468d0b72a96a67"
dependencies = [
 "lock_api",
]
